
Microsoft Visual Studio Solution File, Format Version 12.00
# Visual Studio 15
VisualStudioVersion = 15.0.28307.960
MinimumVisualStudioVersion = 10.0.40219.1
Project("{9A19103F-16F7-4668-BE54-9A1E7A4F7556}") = "Carpool", "Carpool\Carpool.csproj", "{5E08C907-95F2-46CC-A4D7-80DB188A1D3F}"
EndProject
Project("{9A19103F-16F7-4668-BE54-9A1E7A4F7556}") = "Carpool.Services", "Service\Carpool.Services.csproj", "{69BFDB6B-C7AC-4D35-9099-17C181E36641}"
EndProject
Project("{9A19103F-16F7-4668-BE54-9A1E7A4F7556}") = "Carpool.helper", "Helper\Carpool.helper.csproj", "{9CA8C2F8-4A86-4B35-BE91-553D6E698283}"
EndProject
Project("{FAE04EC0-301F-11D3-BF4B-00C04F79EFBC}") = "Carpool.Models", "Model\Carpool.Models.csproj", "{4EA05328-B0CF-4AAF-8A23-02729F92E140}"
EndProject
Global
	GlobalSection(SolutionConfigurationPlatforms) = preSolution
		Debug|Any CPU = Debug|Any CPU
		Release|Any CPU = Release|Any CPU
	EndGlobalSection
	GlobalSection(ProjectConfigurationPlatforms) = postSolution
		{5E08C907-95F2-46CC-A4D7-80DB188A1D3F}.Debug|Any CPU.ActiveCfg = Debug|Any CPU
		{5E08C907-95F2-46CC-A4D7-80DB188A1D3F}.Debug|Any CPU.Build.0 = Debug|Any CPU
		{5E08C907-95F2-46CC-A4D7-80DB188A1D3F}.Release|Any CPU.ActiveCfg = Release|Any CPU
		{5E08C907-95F2-46CC-A4D7-80DB188A1D3F}.Release|Any CPU.Build.0 = Release|Any CPU
		{69BFDB6B-C7AC-4D35-9099-17C181E36641}.Debug|Any CPU.ActiveCfg = Debug|Any CPU
		{69BFDB6B-C7AC-4D35-9099-17C181E36641}.Debug|Any CPU.Build.0 = Debug|Any CPU
		{69BFDB6B-C7AC-4D35-9099-17C181E36641}.Release|Any CPU.ActiveCfg = Release|Any CPU
		{69BFDB6B-C7AC-4D35-9099-17C181E36641}.Release|Any CPU.Build.0 = Release|Any CPU
		{9CA8C2F8-4A86-4B35-BE91-553D6E698283}.Debug|Any CPU.ActiveCfg = Debug|Any CPU
		{9CA8C2F8-4A86-4B35-BE91-553D6E698283}.Debug|Any CPU.Build.0 = Debug|Any CPU
		{9CA8C2F8-4A86-4B35-BE91-553D6E698283}.Release|Any CPU.ActiveCfg = Release|Any CPU
		{9CA8C2F8-4A86-4B35-BE91-553D6E698283}.Release|Any CPU.Build.0 = Release|Any CPU
		{4EA05328-B0CF-4AAF-8A23-02729F92E140}.Debug|Any CPU.ActiveCfg = Debug|Any CPU
		{4EA05328-B0CF-4AAF-8A23-02729F92E140}.Debug|Any CPU.Build.0 = Debug|Any CPU
		{4EA05328-B0CF-4AAF-8A23-02729F92E140}.Release|Any CPU.ActiveCfg = Release|Any CPU
		{4EA05328-B0CF-4AAF-8A23-02729F92E140}.Release|Any CPU.Build.0 = Release|Any CPU
	EndGlobalSection
	GlobalSection(SolutionProperties) = preSolution
		HideSolutionNode = FALSE
	EndGlobalSection
	GlobalSection(ExtensibilityGlobals) = postSolution
		SolutionGuid = {770D3262-5840-4E58-B51A-BC57679DE978}
	EndGlobalSection
EndGlobal
